// !$*UTF8*$!
{
	archiveVersion = 1;
	classes = {
	};
	objectVersion = 46;
	objects = {

/* Begin PBXBuildFile section */
		620448381B5DA5E200219CD4 /* TripSpec.swift in Sources */ = {isa = PBXBuildFile; fileRef = 620448371B5DA5E200219CD4 /* TripSpec.swift */; };
		6204483B1B5DBD0800219CD4 /* CoreDataStackSpec.swift in Sources */ = {isa = PBXBuildFile; fileRef = 6204483A1B5DBD0800219CD4 /* CoreDataStackSpec.swift */; };
		620448401B5DBF0D00219CD4 /* CoreDataStack.swift in Sources */ = {isa = PBXBuildFile; fileRef = 6204483F1B5DBF0D00219CD4 /* CoreDataStack.swift */; };
		6226F8D21B5EB1F700B8BFEF /* Trip+CoreDataProperties.swift in Sources */ = {isa = PBXBuildFile; fileRef = 6226F8D01B5EB1F700B8BFEF /* Trip+CoreDataProperties.swift */; };
		6226F8D31B5EB1F700B8BFEF /* Trip.swift in Sources */ = {isa = PBXBuildFile; fileRef = 6226F8D11B5EB1F700B8BFEF /* Trip.swift */; };
		623DA8B51B630B5E00D8BF61 /* DVR.framework in Frameworks */ = {isa = PBXBuildFile; fileRef = 623DA89B1B630B4B00D8BF61 /* DVR.framework */; };
		623DA8B61B630B6600D8BF61 /* DVR.framework in Embed Frameworks */ = {isa = PBXBuildFile; fileRef = 623DA89B1B630B4B00D8BF61 /* DVR.framework */; settings = {ATTRIBUTES = (CodeSignOnCopy, RemoveHeadersOnCopy, ); }; };
		623E47B21B5EF85A009F2863 /* ListKit.framework in Frameworks */ = {isa = PBXBuildFile; fileRef = 623E47AB1B5EF7CD009F2863 /* ListKit.framework */; };
		623E47B31B5EF860009F2863 /* ListKit.framework in Frameworks */ = {isa = PBXBuildFile; fileRef = 623E47AB1B5EF7CD009F2863 /* ListKit.framework */; };
		623E47B71B5EF900009F2863 /* MainViewController.swift in Sources */ = {isa = PBXBuildFile; fileRef = 623E47B61B5EF900009F2863 /* MainViewController.swift */; };
		623E47BA1B5EF935009F2863 /* TripMainTableViewCell.swift in Sources */ = {isa = PBXBuildFile; fileRef = 623E47B91B5EF935009F2863 /* TripMainTableViewCell.swift */; };
		623E47BC1B5EF9BA009F2863 /* TripMainTableViewCell.xib in Resources */ = {isa = PBXBuildFile; fileRef = 623E47BB1B5EF9BA009F2863 /* TripMainTableViewCell.xib */; };
		623E47BE1B5F0686009F2863 /* CoreDataClient.swift in Sources */ = {isa = PBXBuildFile; fileRef = 623E47BD1B5F0686009F2863 /* CoreDataClient.swift */; };
		623E47C21B5F095B009F2863 /* MainViewControllerSpec.swift in Sources */ = {isa = PBXBuildFile; fileRef = 623E47C11B5F095B009F2863 /* MainViewControllerSpec.swift */; };
		623E47C31B5F0A8C009F2863 /* Main.storyboard in Resources */ = {isa = PBXBuildFile; fileRef = 62549B9C1B5D9FC000C148C4 /* Main.storyboard */; };
		62549B991B5D9FC000C148C4 /* AppDelegate.swift in Sources */ = {isa = PBXBuildFile; fileRef = 62549B981B5D9FC000C148C4 /* AppDelegate.swift */; };
		62549B9E1B5D9FC000C148C4 /* Main.storyboard in Resources */ = {isa = PBXBuildFile; fileRef = 62549B9C1B5D9FC000C148C4 /* Main.storyboard */; };
		62549BA11B5D9FC000C148C4 /* TripPlanner.xcdatamodeld in Sources */ = {isa = PBXBuildFile; fileRef = 62549B9F1B5D9FC000C148C4 /* TripPlanner.xcdatamodeld */; };
		62549BA31B5D9FC000C148C4 /* Assets.xcassets in Resources */ = {isa = PBXBuildFile; fileRef = 62549BA21B5D9FC000C148C4 /* Assets.xcassets */; };
		62549BA61B5D9FC000C148C4 /* LaunchScreen.storyboard in Resources */ = {isa = PBXBuildFile; fileRef = 62549BA41B5D9FC000C148C4 /* LaunchScreen.storyboard */; };
		62549BBC1B5D9FC000C148C4 /* MainViewControllerTests.swift in Sources */ = {isa = PBXBuildFile; fileRef = 62549BBB1B5D9FC000C148C4 /* MainViewControllerTests.swift */; };
		626671281B61B200006A1A2B /* LocationSearch.swift in Sources */ = {isa = PBXBuildFile; fileRef = 626671271B61B200006A1A2B /* LocationSearch.swift */; };
		628234551B6313E900FA098A /* google_maps_api.json in Resources */ = {isa = PBXBuildFile; fileRef = 628234531B6313E900FA098A /* google_maps_api.json */; };
		62A2C8E91B6188EE008CF3B1 /* Quick.framework in Frameworks */ = {isa = PBXBuildFile; fileRef = 62A2C8D51B61889B008CF3B1 /* Quick.framework */; };
		62A2C8EA1B6188F3008CF3B1 /* Nimble.framework in Frameworks */ = {isa = PBXBuildFile; fileRef = 62A2C8E21B6188A4008CF3B1 /* Nimble.framework */; };
		62A2C8ED1B619590008CF3B1 /* AppDelegateSpec.swift in Sources */ = {isa = PBXBuildFile; fileRef = 62A2C8EC1B619590008CF3B1 /* AppDelegateSpec.swift */; };
		62A2C8EF1B61A228008CF3B1 /* CoreDataClientSpec.swift in Sources */ = {isa = PBXBuildFile; fileRef = 62A2C8EE1B61A228008CF3B1 /* CoreDataClientSpec.swift */; };
		62B82AA31B6020EE00F919DA /* ListKit.framework in Embed Frameworks */ = {isa = PBXBuildFile; fileRef = 623E47AB1B5EF7CD009F2863 /* ListKit.framework */; settings = {ATTRIBUTES = (CodeSignOnCopy, RemoveHeadersOnCopy, ); }; };
		62B82AB11B604A5200F919DA /* AddTripViewController.swift in Sources */ = {isa = PBXBuildFile; fileRef = 62B82AB01B604A5200F919DA /* AddTripViewController.swift */; };
		62B82AB31B604B5300F919DA /* TripPlannerManagedObject.swift in Sources */ = {isa = PBXBuildFile; fileRef = 62B82AB21B604B5300F919DA /* TripPlannerManagedObject.swift */; };
		62DA35631B62F73C0041048D /* Argo.framework in Frameworks */ = {isa = PBXBuildFile; fileRef = 62DA35541B62F70C0041048D /* Argo.framework */; };
		62DA35711B62F7420041048D /* Argo.framework in Embed Frameworks */ = {isa = PBXBuildFile; fileRef = 62DA35541B62F70C0041048D /* Argo.framework */; settings = {ATTRIBUTES = (CodeSignOnCopy, RemoveHeadersOnCopy, ); }; };
		62DA35961B62FE2D0041048D /* Runes.framework in Frameworks */ = {isa = PBXBuildFile; fileRef = 62DA358F1B62FE1F0041048D /* Runes.framework */; };
		62DA35971B62FE340041048D /* Runes.framework in Embed Frameworks */ = {isa = PBXBuildFile; fileRef = 62DA358F1B62FE1F0041048D /* Runes.framework */; settings = {ATTRIBUTES = (CodeSignOnCopy, RemoveHeadersOnCopy, ); }; };
		62DA35A71B62FE8E0041048D /* Box.framework in Frameworks */ = {isa = PBXBuildFile; fileRef = 62DA35A41B62FE840041048D /* Box.framework */; };
		62DA35A91B62FE9B0041048D /* Box.framework in Embed Frameworks */ = {isa = PBXBuildFile; fileRef = 62DA35A41B62FE840041048D /* Box.framework */; settings = {ATTRIBUTES = (CodeSignOnCopy, RemoveHeadersOnCopy, ); }; };
		62E44FF01B66931C004C6CA3 /* HTTPClient.swift in Sources */ = {isa = PBXBuildFile; fileRef = 62E44FEF1B66931C004C6CA3 /* HTTPClient.swift */; };
		62E44FF21B66A1E4004C6CA3 /* LocationSearchResult+JSON.swift in Sources */ = {isa = PBXBuildFile; fileRef = 62E44FF11B66A1E4004C6CA3 /* LocationSearchResult+JSON.swift */; };
		62E9E9791B62E868003C8BA4 /* LocationSearchResult.swift in Sources */ = {isa = PBXBuildFile; fileRef = 62E9E9781B62E868003C8BA4 /* LocationSearchResult.swift */; };
		D267FD7370398E8909A2DA7F /* Pods.framework in Frameworks */ = {isa = PBXBuildFile; fileRef = 25922BDBC6FF8D0C7AB197F2 /* Pods.framework */; settings = {ATTRIBUTES = (Weak, ); }; };
/* End PBXBuildFile section */

/* Begin PBXContainerItemProxy section */
		623DA89A1B630B4B00D8BF61 /* PBXContainerItemProxy */ = {
			isa = PBXContainerItemProxy;
			containerPortal = 623DA88A1B630B4B00D8BF61 /* DVR.xcodeproj */;
			proxyType = 2;
			remoteGlobalIDString = 3647AF9B1B335D5500EF10D4;
			remoteInfo = "DVR-iOS";
		};
		623DA89C1B630B4B00D8BF61 /* PBXContainerItemProxy */ = {
			isa = PBXContainerItemProxy;
			containerPortal = 623DA88A1B630B4B00D8BF61 /* DVR.xcodeproj */;
			proxyType = 2;
			remoteGlobalIDString = 3647AFA51B335D5500EF10D4;
			remoteInfo = "DVRTests-iOS";
		};
		623DA89E1B630B4B00D8BF61 /* PBXContainerItemProxy */ = {
			isa = PBXContainerItemProxy;
			containerPortal = 623DA88A1B630B4B00D8BF61 /* DVR.xcodeproj */;
			proxyType = 2;
			remoteGlobalIDString = 3690A06E1B33AA0900731222;
			remoteInfo = "DVR-watchOS";
		};
		623DA8A01B630B4B00D8BF61 /* PBXContainerItemProxy */ = {
			isa = PBXContainerItemProxy;
			containerPortal = 623DA88A1B630B4B00D8BF61 /* DVR.xcodeproj */;
			proxyType = 2;
			remoteGlobalIDString = 3690A07B1B33AA3B00731222;
			remoteInfo = "DVR-OSX";
		};
		623DA8A21B630B4B00D8BF61 /* PBXContainerItemProxy */ = {
			isa = PBXContainerItemProxy;
			containerPortal = 623DA88A1B630B4B00D8BF61 /* DVR.xcodeproj */;
			proxyType = 2;
			remoteGlobalIDString = 3690A0841B33AA3C00731222;
			remoteInfo = "DVRTests-OSX";
		};
		623E47A61B5EF7CD009F2863 /* PBXContainerItemProxy */ = {
			isa = PBXContainerItemProxy;
			containerPortal = 623E479F1B5EF7CD009F2863 /* ListKitDemo.xcodeproj */;
			proxyType = 2;
			remoteGlobalIDString = 626518121A96473700F1D760;
			remoteInfo = ListKitDemo;
		};
		623E47A81B5EF7CD009F2863 /* PBXContainerItemProxy */ = {
			isa = PBXContainerItemProxy;
			containerPortal = 623E479F1B5EF7CD009F2863 /* ListKitDemo.xcodeproj */;
			proxyType = 2;
			remoteGlobalIDString = 626518271A96473700F1D760;
			remoteInfo = ListKitDemoTests;
		};
		623E47AA1B5EF7CD009F2863 /* PBXContainerItemProxy */ = {
			isa = PBXContainerItemProxy;
			containerPortal = 623E479F1B5EF7CD009F2863 /* ListKitDemo.xcodeproj */;
			proxyType = 2;
			remoteGlobalIDString = 6265183C1A96474900F1D760;
			remoteInfo = ListKit;
		};
		623E47AC1B5EF7CD009F2863 /* PBXContainerItemProxy */ = {
			isa = PBXContainerItemProxy;
			containerPortal = 623E479F1B5EF7CD009F2863 /* ListKitDemo.xcodeproj */;
			proxyType = 2;
			remoteGlobalIDString = 626518461A96474900F1D760;
			remoteInfo = ListKitTests;
		};
		62549BAD1B5D9FC000C148C4 /* PBXContainerItemProxy */ = {
			isa = PBXContainerItemProxy;
			containerPortal = 62549B8D1B5D9FC000C148C4 /* Project object */;
			proxyType = 1;
			remoteGlobalIDString = 62549B941B5D9FC000C148C4;
			remoteInfo = TripPlanner;
		};
		62549BB81B5D9FC000C148C4 /* PBXContainerItemProxy */ = {
			isa = PBXContainerItemProxy;
			containerPortal = 62549B8D1B5D9FC000C148C4 /* Project object */;
			proxyType = 1;
			remoteGlobalIDString = 62549B941B5D9FC000C148C4;
			remoteInfo = TripPlanner;
		};
		62A2C8CE1B61889B008CF3B1 /* PBXContainerItemProxy */ = {
			isa = PBXContainerItemProxy;
			containerPortal = 62A2C8C51B61889B008CF3B1 /* Quick.xcodeproj */;
			proxyType = 2;
			remoteGlobalIDString = DAEB6B8E1943873100289F44;
			remoteInfo = "Quick-OSX";
		};
		62A2C8D01B61889B008CF3B1 /* PBXContainerItemProxy */ = {
			isa = PBXContainerItemProxy;
			containerPortal = 62A2C8C51B61889B008CF3B1 /* Quick.xcodeproj */;
			proxyType = 2;
			remoteGlobalIDString = DAEB6B991943873100289F44;
			remoteInfo = "Quick-OSXTests";
		};
		62A2C8D21B61889B008CF3B1 /* PBXContainerItemProxy */ = {
			isa = PBXContainerItemProxy;
			containerPortal = 62A2C8C51B61889B008CF3B1 /* Quick.xcodeproj */;
			proxyType = 2;
			remoteGlobalIDString = DA5663E81A4C8D8500193C88;
			remoteInfo = "QuickFocused-OSXTests";
		};
		62A2C8D41B61889B008CF3B1 /* PBXContainerItemProxy */ = {
			isa = PBXContainerItemProxy;
			containerPortal = 62A2C8C51B61889B008CF3B1 /* Quick.xcodeproj */;
			proxyType = 2;
			remoteGlobalIDString = 5A5D117C19473F2100F6D13D;
			remoteInfo = "Quick-iOS";
		};
		62A2C8D61B61889B008CF3B1 /* PBXContainerItemProxy */ = {
			isa = PBXContainerItemProxy;
			containerPortal = 62A2C8C51B61889B008CF3B1 /* Quick.xcodeproj */;
			proxyType = 2;
			remoteGlobalIDString = 5A5D118619473F2100F6D13D;
			remoteInfo = "Quick-iOSTests";
		};
		62A2C8D81B61889B008CF3B1 /* PBXContainerItemProxy */ = {
			isa = PBXContainerItemProxy;
			containerPortal = 62A2C8C51B61889B008CF3B1 /* Quick.xcodeproj */;
			proxyType = 2;
			remoteGlobalIDString = DA9876B21A4C70EB0004AA17;
			remoteInfo = "QuickFocused-iOSTests";
		};
		62A2C8E11B6188A4008CF3B1 /* PBXContainerItemProxy */ = {
			isa = PBXContainerItemProxy;
			containerPortal = 62A2C8DA1B6188A4008CF3B1 /* Nimble.xcodeproj */;
			proxyType = 2;
			remoteGlobalIDString = 1F1A74291940169200FFFC47;
			remoteInfo = "Nimble-iOS";
		};
		62A2C8E31B6188A4008CF3B1 /* PBXContainerItemProxy */ = {
			isa = PBXContainerItemProxy;
			containerPortal = 62A2C8DA1B6188A4008CF3B1 /* Nimble.xcodeproj */;
			proxyType = 2;
			remoteGlobalIDString = 1F1A74341940169200FFFC47;
			remoteInfo = "Nimble-iOSTests";
		};
		62A2C8E51B6188A4008CF3B1 /* PBXContainerItemProxy */ = {
			isa = PBXContainerItemProxy;
			containerPortal = 62A2C8DA1B6188A4008CF3B1 /* Nimble.xcodeproj */;
			proxyType = 2;
			remoteGlobalIDString = 1F925EAD195C0D6300ED456B;
			remoteInfo = "Nimble-OSX";
		};
		62A2C8E71B6188A4008CF3B1 /* PBXContainerItemProxy */ = {
			isa = PBXContainerItemProxy;
			containerPortal = 62A2C8DA1B6188A4008CF3B1 /* Nimble.xcodeproj */;
			proxyType = 2;
			remoteGlobalIDString = 1F925EB7195C0D6300ED456B;
			remoteInfo = "Nimble-OSXTests";
		};
		62B82AA41B6020EE00F919DA /* PBXContainerItemProxy */ = {
			isa = PBXContainerItemProxy;
			containerPortal = 623E479F1B5EF7CD009F2863 /* ListKitDemo.xcodeproj */;
			proxyType = 1;
			remoteGlobalIDString = 6265183B1A96474900F1D760;
			remoteInfo = ListKit;
		};
		62DA35531B62F70C0041048D /* PBXContainerItemProxy */ = {
			isa = PBXContainerItemProxy;
			containerPortal = 62DA354C1B62F70C0041048D /* Argo.xcodeproj */;
			proxyType = 2;
			remoteGlobalIDString = EAD9FACF19D0EAB50031E006;
			remoteInfo = "Argo-iOS";
		};
		62DA35551B62F70C0041048D /* PBXContainerItemProxy */ = {
			isa = PBXContainerItemProxy;
			containerPortal = 62DA354C1B62F70C0041048D /* Argo.xcodeproj */;
			proxyType = 2;
			remoteGlobalIDString = EAD9FADA19D0EAB60031E006;
			remoteInfo = ArgoTests;
		};
		62DA35571B62F70C0041048D /* PBXContainerItemProxy */ = {
			isa = PBXContainerItemProxy;
			containerPortal = 62DA354C1B62F70C0041048D /* Argo.xcodeproj */;
			proxyType = 2;
			remoteGlobalIDString = F89335541A4CE83000B88685;
			remoteInfo = "Argo-Mac";
		};
		62DA35591B62F70C0041048D /* PBXContainerItemProxy */ = {
			isa = PBXContainerItemProxy;
			containerPortal = 62DA354C1B62F70C0041048D /* Argo.xcodeproj */;
			proxyType = 2;
			remoteGlobalIDString = F893355E1A4CE83000B88685;
			remoteInfo = "Argo-MacTests";
		};
		62DA358E1B62FE1F0041048D /* PBXContainerItemProxy */ = {
			isa = PBXContainerItemProxy;
			containerPortal = 62DA35761B62FE1F0041048D /* Runes.xcodeproj */;
			proxyType = 2;
			remoteGlobalIDString = F802D4D21A5F218E005E236C;
			remoteInfo = "Runes-iOS";
		};
		62DA35901B62FE1F0041048D /* PBXContainerItemProxy */ = {
			isa = PBXContainerItemProxy;
			containerPortal = 62DA35761B62FE1F0041048D /* Runes.xcodeproj */;
			proxyType = 2;
			remoteGlobalIDString = F86B2E0B1A5F2B8D00C3B8BD;
			remoteInfo = "Runes-Mac";
		};
		62DA35921B62FE1F0041048D /* PBXContainerItemProxy */ = {
			isa = PBXContainerItemProxy;
			containerPortal = 62DA35761B62FE1F0041048D /* Runes.xcodeproj */;
			proxyType = 2;
			remoteGlobalIDString = F8624C261A645A9600C883B3;
			remoteInfo = "Runes-iOS Tests";
		};
		62DA35941B62FE1F0041048D /* PBXContainerItemProxy */ = {
			isa = PBXContainerItemProxy;
			containerPortal = 62DA35761B62FE1F0041048D /* Runes.xcodeproj */;
			proxyType = 2;
			remoteGlobalIDString = F8624C451A645C9500C883B3;
			remoteInfo = "Runes-Mac Tests";
		};
		62DA359F1B62FE840041048D /* PBXContainerItemProxy */ = {
			isa = PBXContainerItemProxy;
			containerPortal = 62DA35981B62FE830041048D /* Box.xcodeproj */;
			proxyType = 2;
			remoteGlobalIDString = D470AC3719E86128003DA6C6;
			remoteInfo = "Box-Mac";
		};
		62DA35A11B62FE840041048D /* PBXContainerItemProxy */ = {
			isa = PBXContainerItemProxy;
			containerPortal = 62DA35981B62FE830041048D /* Box.xcodeproj */;
			proxyType = 2;
			remoteGlobalIDString = D470AC4219E86128003DA6C6;
			remoteInfo = "Box-MacTests";
		};
		62DA35A31B62FE840041048D /* PBXContainerItemProxy */ = {
			isa = PBXContainerItemProxy;
			containerPortal = 62DA35981B62FE830041048D /* Box.xcodeproj */;
			proxyType = 2;
			remoteGlobalIDString = F8BB81D31A939B66001AA352;
			remoteInfo = "Box-iOS";
		};
		62DA35A51B62FE840041048D /* PBXContainerItemProxy */ = {
			isa = PBXContainerItemProxy;
			containerPortal = 62DA35981B62FE830041048D /* Box.xcodeproj */;
			proxyType = 2;
			remoteGlobalIDString = F8BB81DD1A939B67001AA352;
			remoteInfo = "Box-iOSTests";
		};
/* End PBXContainerItemProxy section */

/* Begin PBXCopyFilesBuildPhase section */
		620448331B5DA58700219CD4 /* CopyFiles */ = {
			isa = PBXCopyFilesBuildPhase;
			buildActionMask = 2147483647;
			dstPath = "";
			dstSubfolderSpec = 10;
			files = (
			);
			runOnlyForDeploymentPostprocessing = 0;
		};
		62B82AA61B6020EF00F919DA /* Embed Frameworks */ = {
			isa = PBXCopyFilesBuildPhase;
			buildActionMask = 2147483647;
			dstPath = "";
			dstSubfolderSpec = 10;
			files = (
				623DA8B61B630B6600D8BF61 /* DVR.framework in Embed Frameworks */,
				62DA35A91B62FE9B0041048D /* Box.framework in Embed Frameworks */,
				62DA35971B62FE340041048D /* Runes.framework in Embed Frameworks */,
				62DA35711B62F7420041048D /* Argo.framework in Embed Frameworks */,
				62B82AA31B6020EE00F919DA /* ListKit.framework in Embed Frameworks */,
			);
			name = "Embed Frameworks";
			runOnlyForDeploymentPostprocessing = 0;
		};
/* End PBXCopyFilesBuildPhase section */

/* Begin PBXFileReference section */
		25922BDBC6FF8D0C7AB197F2 /* Pods.framework */ = {isa = PBXFileReference; explicitFileType = wrapper.framework; includeInIndex = 0; path = Pods.framework; sourceTree = BUILT_PRODUCTS_DIR; };
		620448371B5DA5E200219CD4 /* TripSpec.swift */ = {isa = PBXFileReference; fileEncoding = 4; lastKnownFileType = sourcecode.swift; path = TripSpec.swift; sourceTree = "<group>"; };
		6204483A1B5DBD0800219CD4 /* CoreDataStackSpec.swift */ = {isa = PBXFileReference; fileEncoding = 4; lastKnownFileType = sourcecode.swift; path = CoreDataStackSpec.swift; sourceTree = "<group>"; };
		6204483F1B5DBF0D00219CD4 /* CoreDataStack.swift */ = {isa = PBXFileReference; fileEncoding = 4; lastKnownFileType = sourcecode.swift; path = CoreDataStack.swift; sourceTree = "<group>"; };
		6226F8D01B5EB1F700B8BFEF /* Trip+CoreDataProperties.swift */ = {isa = PBXFileReference; fileEncoding = 4; lastKnownFileType = sourcecode.swift; path = "Trip+CoreDataProperties.swift"; sourceTree = "<group>"; };
		6226F8D11B5EB1F700B8BFEF /* Trip.swift */ = {isa = PBXFileReference; fileEncoding = 4; lastKnownFileType = sourcecode.swift; path = Trip.swift; sourceTree = "<group>"; };
		623DA88A1B630B4B00D8BF61 /* DVR.xcodeproj */ = {isa = PBXFileReference; lastKnownFileType = "wrapper.pb-project"; name = DVR.xcodeproj; path = Carthage/Checkouts/DVR/DVR.xcodeproj; sourceTree = "<group>"; };
		623E479F1B5EF7CD009F2863 /* ListKitDemo.xcodeproj */ = {isa = PBXFileReference; lastKnownFileType = "wrapper.pb-project"; name = ListKitDemo.xcodeproj; path = Dependencies/ListKit/ListKitDemo.xcodeproj; sourceTree = "<group>"; };
		623E47B61B5EF900009F2863 /* MainViewController.swift */ = {isa = PBXFileReference; fileEncoding = 4; lastKnownFileType = sourcecode.swift; path = MainViewController.swift; sourceTree = "<group>"; };
		623E47B91B5EF935009F2863 /* TripMainTableViewCell.swift */ = {isa = PBXFileReference; fileEncoding = 4; lastKnownFileType = sourcecode.swift; path = TripMainTableViewCell.swift; sourceTree = "<group>"; };
		623E47BB1B5EF9BA009F2863 /* TripMainTableViewCell.xib */ = {isa = PBXFileReference; fileEncoding = 4; lastKnownFileType = file.xib; path = TripMainTableViewCell.xib; sourceTree = "<group>"; };
		623E47BD1B5F0686009F2863 /* CoreDataClient.swift */ = {isa = PBXFileReference; fileEncoding = 4; lastKnownFileType = sourcecode.swift; path = CoreDataClient.swift; sourceTree = "<group>"; };
		623E47C11B5F095B009F2863 /* MainViewControllerSpec.swift */ = {isa = PBXFileReference; fileEncoding = 4; lastKnownFileType = sourcecode.swift; path = MainViewControllerSpec.swift; sourceTree = "<group>"; };
		62549B951B5D9FC000C148C4 /* TripPlanner.app */ = {isa = PBXFileReference; explicitFileType = wrapper.application; includeInIndex = 0; path = TripPlanner.app; sourceTree = BUILT_PRODUCTS_DIR; };
		62549B981B5D9FC000C148C4 /* AppDelegate.swift */ = {isa = PBXFileReference; lastKnownFileType = sourcecode.swift; path = AppDelegate.swift; sourceTree = "<group>"; };
		62549B9D1B5D9FC000C148C4 /* Base */ = {isa = PBXFileReference; lastKnownFileType = file.storyboard; name = Base; path = Base.lproj/Main.storyboard; sourceTree = "<group>"; };
		62549BA01B5D9FC000C148C4 /* TripPlanner.xcdatamodel */ = {isa = PBXFileReference; lastKnownFileType = wrapper.xcdatamodel; path = TripPlanner.xcdatamodel; sourceTree = "<group>"; };
		62549BA21B5D9FC000C148C4 /* Assets.xcassets */ = {isa = PBXFileReference; lastKnownFileType = folder.assetcatalog; path = Assets.xcassets; sourceTree = "<group>"; };
		62549BA51B5D9FC000C148C4 /* Base */ = {isa = PBXFileReference; lastKnownFileType = file.storyboard; name = Base; path = Base.lproj/LaunchScreen.storyboard; sourceTree = "<group>"; };
		62549BA71B5D9FC000C148C4 /* Info.plist */ = {isa = PBXFileReference; lastKnownFileType = text.plist.xml; path = Info.plist; sourceTree = "<group>"; };
		62549BAC1B5D9FC000C148C4 /* TripPlannerTests.xctest */ = {isa = PBXFileReference; explicitFileType = wrapper.cfbundle; includeInIndex = 0; path = TripPlannerTests.xctest; sourceTree = BUILT_PRODUCTS_DIR; };
		62549BB21B5D9FC000C148C4 /* Info.plist */ = {isa = PBXFileReference; lastKnownFileType = text.plist.xml; path = Info.plist; sourceTree = "<group>"; };
		62549BB71B5D9FC000C148C4 /* TripPlannerUITests.xctest */ = {isa = PBXFileReference; explicitFileType = wrapper.cfbundle; includeInIndex = 0; path = TripPlannerUITests.xctest; sourceTree = BUILT_PRODUCTS_DIR; };
		62549BBB1B5D9FC000C148C4 /* MainViewControllerTests.swift */ = {isa = PBXFileReference; lastKnownFileType = sourcecode.swift; path = MainViewControllerTests.swift; sourceTree = "<group>"; };
		62549BBD1B5D9FC000C148C4 /* Info.plist */ = {isa = PBXFileReference; lastKnownFileType = text.plist.xml; path = Info.plist; sourceTree = "<group>"; };
		626671271B61B200006A1A2B /* LocationSearch.swift */ = {isa = PBXFileReference; fileEncoding = 4; lastKnownFileType = sourcecode.swift; path = LocationSearch.swift; sourceTree = "<group>"; };
		628234531B6313E900FA098A /* google_maps_api.json */ = {isa = PBXFileReference; fileEncoding = 4; lastKnownFileType = text.json; path = google_maps_api.json; sourceTree = "<group>"; };
		62A2C8C51B61889B008CF3B1 /* Quick.xcodeproj */ = {isa = PBXFileReference; lastKnownFileType = "wrapper.pb-project"; name = Quick.xcodeproj; path = Modules/Quick/Quick.xcodeproj; sourceTree = "<group>"; };
		62A2C8DA1B6188A4008CF3B1 /* Nimble.xcodeproj */ = {isa = PBXFileReference; lastKnownFileType = "wrapper.pb-project"; name = Nimble.xcodeproj; path = Modules/Nimble/Nimble.xcodeproj; sourceTree = "<group>"; };
		62A2C8EC1B619590008CF3B1 /* AppDelegateSpec.swift */ = {isa = PBXFileReference; fileEncoding = 4; lastKnownFileType = sourcecode.swift; path = AppDelegateSpec.swift; sourceTree = "<group>"; };
		62A2C8EE1B61A228008CF3B1 /* CoreDataClientSpec.swift */ = {isa = PBXFileReference; fileEncoding = 4; lastKnownFileType = sourcecode.swift; path = CoreDataClientSpec.swift; sourceTree = "<group>"; };
		62B82AAC1B60348800F919DA /* de */ = {isa = PBXFileReference; lastKnownFileType = text.plist.strings; name = de; path = de.lproj/LaunchScreen.strings; sourceTree = "<group>"; };
		62B82AAD1B6045B700F919DA /* en */ = {isa = PBXFileReference; lastKnownFileType = text.plist.strings; name = en; path = en.lproj/Main.strings; sourceTree = "<group>"; };
		62B82AAE1B6045BA00F919DA /* de */ = {isa = PBXFileReference; lastKnownFileType = text.plist.strings; name = de; path = de.lproj/Main.strings; sourceTree = "<group>"; };
		62B82AB01B604A5200F919DA /* AddTripViewController.swift */ = {isa = PBXFileReference; fileEncoding = 4; lastKnownFileType = sourcecode.swift; path = AddTripViewController.swift; sourceTree = "<group>"; };
		62B82AB21B604B5300F919DA /* TripPlannerManagedObject.swift */ = {isa = PBXFileReference; fileEncoding = 4; lastKnownFileType = sourcecode.swift; path = TripPlannerManagedObject.swift; sourceTree = "<group>"; };
		62DA354C1B62F70C0041048D /* Argo.xcodeproj */ = {isa = PBXFileReference; lastKnownFileType = "wrapper.pb-project"; name = Argo.xcodeproj; path = Carthage/Checkouts/Argo/Argo.xcodeproj; sourceTree = "<group>"; };
		62DA35761B62FE1F0041048D /* Runes.xcodeproj */ = {isa = PBXFileReference; lastKnownFileType = "wrapper.pb-project"; name = Runes.xcodeproj; path = Carthage/Checkouts/Runes/Runes.xcodeproj; sourceTree = "<group>"; };
		62DA35981B62FE830041048D /* Box.xcodeproj */ = {isa = PBXFileReference; lastKnownFileType = "wrapper.pb-project"; name = Box.xcodeproj; path = Carthage/Checkouts/Box/Box.xcodeproj; sourceTree = "<group>"; };
		62E44FEF1B66931C004C6CA3 /* HTTPClient.swift */ = {isa = PBXFileReference; fileEncoding = 4; lastKnownFileType = sourcecode.swift; path = HTTPClient.swift; sourceTree = "<group>"; };
		62E44FF11B66A1E4004C6CA3 /* LocationSearchResult+JSON.swift */ = {isa = PBXFileReference; fileEncoding = 4; lastKnownFileType = sourcecode.swift; path = "LocationSearchResult+JSON.swift"; sourceTree = "<group>"; };
		62E9E9781B62E868003C8BA4 /* LocationSearchResult.swift */ = {isa = PBXFileReference; fileEncoding = 4; lastKnownFileType = sourcecode.swift; path = LocationSearchResult.swift; sourceTree = "<group>"; };
		6ACDDBB62B09CD1A42596CA8 /* Pods.debug.xcconfig */ = {isa = PBXFileReference; includeInIndex = 1; lastKnownFileType = text.xcconfig; name = Pods.debug.xcconfig; path = "Pods/Target Support Files/Pods/Pods.debug.xcconfig"; sourceTree = "<group>"; };
		86456C99514375456939CE67 /* Pods.release.xcconfig */ = {isa = PBXFileReference; includeInIndex = 1; lastKnownFileType = text.xcconfig; name = Pods.release.xcconfig; path = "Pods/Target Support Files/Pods/Pods.release.xcconfig"; sourceTree = "<group>"; };
/* End PBXFileReference section */

/* Begin PBXFrameworksBuildPhase section */
		62549B921B5D9FC000C148C4 /* Frameworks */ = {
			isa = PBXFrameworksBuildPhase;
			buildActionMask = 2147483647;
			files = (
				623DA8B51B630B5E00D8BF61 /* DVR.framework in Frameworks */,
				62DA35A71B62FE8E0041048D /* Box.framework in Frameworks */,
				62DA35961B62FE2D0041048D /* Runes.framework in Frameworks */,
				62DA35631B62F73C0041048D /* Argo.framework in Frameworks */,
				623E47B31B5EF860009F2863 /* ListKit.framework in Frameworks */,
				D267FD7370398E8909A2DA7F /* Pods.framework in Frameworks */,
			);
			runOnlyForDeploymentPostprocessing = 0;
		};
		62549BA91B5D9FC000C148C4 /* Frameworks */ = {
			isa = PBXFrameworksBuildPhase;
			buildActionMask = 2147483647;
			files = (
				62A2C8EA1B6188F3008CF3B1 /* Nimble.framework in Frameworks */,
				62A2C8E91B6188EE008CF3B1 /* Quick.framework in Frameworks */,
				623E47B21B5EF85A009F2863 /* ListKit.framework in Frameworks */,
			);
			runOnlyForDeploymentPostprocessing = 0;
		};
		62549BB41B5D9FC000C148C4 /* Frameworks */ = {
			isa = PBXFrameworksBuildPhase;
			buildActionMask = 2147483647;
			files = (
			);
			runOnlyForDeploymentPostprocessing = 0;
		};
/* End PBXFrameworksBuildPhase section */

/* Begin PBXGroup section */
		4ABA4965DFB6884A3E19BA72 /* Pods */ = {
			isa = PBXGroup;
			children = (
				6ACDDBB62B09CD1A42596CA8 /* Pods.debug.xcconfig */,
				86456C99514375456939CE67 /* Pods.release.xcconfig */,
			);
			name = Pods;
			sourceTree = "<group>";
		};
		6204482C1B5DA52700219CD4 /* Frameworks */ = {
			isa = PBXGroup;
			children = (
				623DA88A1B630B4B00D8BF61 /* DVR.xcodeproj */,
				62DA35981B62FE830041048D /* Box.xcodeproj */,
				62DA35761B62FE1F0041048D /* Runes.xcodeproj */,
				62DA354C1B62F70C0041048D /* Argo.xcodeproj */,
				62A2C8DA1B6188A4008CF3B1 /* Nimble.xcodeproj */,
				62A2C8C51B61889B008CF3B1 /* Quick.xcodeproj */,
				623E479F1B5EF7CD009F2863 /* ListKitDemo.xcodeproj */,
				25922BDBC6FF8D0C7AB197F2 /* Pods.framework */,
			);
			name = Frameworks;
			sourceTree = "<group>";
		};
		620448361B5DA5C100219CD4 /* Model */ = {
			isa = PBXGroup;
			children = (
				620448371B5DA5E200219CD4 /* TripSpec.swift */,
			);
			path = Model;
			sourceTree = "<group>";
		};
		620448391B5DBC2200219CD4 /* CoreData */ = {
			isa = PBXGroup;
			children = (
				6204483A1B5DBD0800219CD4 /* CoreDataStackSpec.swift */,
				62A2C8EE1B61A228008CF3B1 /* CoreDataClientSpec.swift */,
			);
			path = CoreData;
			sourceTree = "<group>";
		};
		6204483C1B5DBE3600219CD4 /* CoreData */ = {
			isa = PBXGroup;
			children = (
				62549B9F1B5D9FC000C148C4 /* TripPlanner.xcdatamodeld */,
				6204483F1B5DBF0D00219CD4 /* CoreDataStack.swift */,
				623E47BD1B5F0686009F2863 /* CoreDataClient.swift */,
			);
			path = CoreData;
			sourceTree = "<group>";
		};
		6226F8CF1B5EB16600B8BFEF /* Model */ = {
			isa = PBXGroup;
			children = (
				6226F8D01B5EB1F700B8BFEF /* Trip+CoreDataProperties.swift */,
				6226F8D11B5EB1F700B8BFEF /* Trip.swift */,
				62B82AB21B604B5300F919DA /* TripPlannerManagedObject.swift */,
			);
			path = Model;
			sourceTree = "<group>";
		};
		623DA88B1B630B4B00D8BF61 /* Products */ = {
			isa = PBXGroup;
			children = (
				623DA89B1B630B4B00D8BF61 /* DVR.framework */,
				623DA89D1B630B4B00D8BF61 /* DVRTests-iOS.xctest */,
				623DA89F1B630B4B00D8BF61 /* DVR.framework */,
				623DA8A11B630B4B00D8BF61 /* DVR.framework */,
				623DA8A31B630B4B00D8BF61 /* DVRTests-OSX.xctest */,
			);
			name = Products;
			sourceTree = "<group>";
		};
		623E47651B5EC590009F2863 /* UI */ = {
			isa = PBXGroup;
			children = (
				62A2C8EB1B619586008CF3B1 /* AppDelegate */,
				623E47661B5EC590009F2863 /* MainScene */,
			);
			path = UI;
			sourceTree = "<group>";
		};
		623E47661B5EC590009F2863 /* MainScene */ = {
			isa = PBXGroup;
			children = (
				623E47C11B5F095B009F2863 /* MainViewControllerSpec.swift */,
			);
			path = MainScene;
			sourceTree = "<group>";
		};
		623E47A01B5EF7CD009F2863 /* Products */ = {
			isa = PBXGroup;
			children = (
				623E47A71B5EF7CD009F2863 /* ListKitDemo.app */,
				623E47A91B5EF7CD009F2863 /* ListKitDemoTests.xctest */,
				623E47AB1B5EF7CD009F2863 /* ListKit.framework */,
				623E47AD1B5EF7CD009F2863 /* ListKitTests.xctest */,
			);
			name = Products;
			sourceTree = "<group>";
		};
		623E47B41B5EF900009F2863 /* UI */ = {
			isa = PBXGroup;
			children = (
				62B82AAF1B604A1700F919DA /* AddTripScene */,
				623E47B81B5EF921009F2863 /* Trips */,
				623E47B51B5EF900009F2863 /* MainScene */,
			);
			path = UI;
			sourceTree = "<group>";
		};
		623E47B51B5EF900009F2863 /* MainScene */ = {
			isa = PBXGroup;
			children = (
				623E47B61B5EF900009F2863 /* MainViewController.swift */,
			);
			path = MainScene;
			sourceTree = "<group>";
		};
		623E47B81B5EF921009F2863 /* Trips */ = {
			isa = PBXGroup;
			children = (
				623E47B91B5EF935009F2863 /* TripMainTableViewCell.swift */,
				623E47BB1B5EF9BA009F2863 /* TripMainTableViewCell.xib */,
			);
			path = Trips;
			sourceTree = "<group>";
		};
		62549B8C1B5D9FC000C148C4 = {
			isa = PBXGroup;
			children = (
				6204482C1B5DA52700219CD4 /* Frameworks */,
				62549B971B5D9FC000C148C4 /* TripPlanner */,
				62549BAF1B5D9FC000C148C4 /* TripPlannerTests */,
				62549BBA1B5D9FC000C148C4 /* TripPlannerUITests */,
				62549B961B5D9FC000C148C4 /* Products */,
				4ABA4965DFB6884A3E19BA72 /* Pods */,
			);
			sourceTree = "<group>";
		};
		62549B961B5D9FC000C148C4 /* Products */ = {
			isa = PBXGroup;
			children = (
				62549B951B5D9FC000C148C4 /* TripPlanner.app */,
				62549BAC1B5D9FC000C148C4 /* TripPlannerTests.xctest */,
				62549BB71B5D9FC000C148C4 /* TripPlannerUITests.xctest */,
			);
			name = Products;
			sourceTree = "<group>";
		};
		62549B971B5D9FC000C148C4 /* TripPlanner */ = {
			isa = PBXGroup;
			children = (
				62E44FEE1B6692FB004C6CA3 /* HTTPClient */,
				628234511B6313E900FA098A /* DVRRecordings */,
				626671191B61B1F5006A1A2B /* BusinessLogic */,
				623E47B41B5EF900009F2863 /* UI */,
				6226F8CF1B5EB16600B8BFEF /* Model */,
				6204483C1B5DBE3600219CD4 /* CoreData */,
				62549B981B5D9FC000C148C4 /* AppDelegate.swift */,
				62549B9C1B5D9FC000C148C4 /* Main.storyboard */,
				62549BA21B5D9FC000C148C4 /* Assets.xcassets */,
				62549BA41B5D9FC000C148C4 /* LaunchScreen.storyboard */,
				62549BA71B5D9FC000C148C4 /* Info.plist */,
			);
			path = TripPlanner;
			sourceTree = "<group>";
		};
		62549BAF1B5D9FC000C148C4 /* TripPlannerTests */ = {
			isa = PBXGroup;
			children = (
				623E47651B5EC590009F2863 /* UI */,
				620448391B5DBC2200219CD4 /* CoreData */,
				620448361B5DA5C100219CD4 /* Model */,
				62549BB21B5D9FC000C148C4 /* Info.plist */,
			);
			path = TripPlannerTests;
			sourceTree = "<group>";
		};
		62549BBA1B5D9FC000C148C4 /* TripPlannerUITests */ = {
			isa = PBXGroup;
			children = (
				62549BBB1B5D9FC000C148C4 /* MainViewControllerTests.swift */,
				62549BBD1B5D9FC000C148C4 /* Info.plist */,
			);
			path = TripPlannerUITests;
			sourceTree = "<group>";
		};
		626671191B61B1F5006A1A2B /* BusinessLogic */ = {
			isa = PBXGroup;
			children = (
				626671271B61B200006A1A2B /* LocationSearch.swift */,
				62E9E9781B62E868003C8BA4 /* LocationSearchResult.swift */,
				62E44FF11B66A1E4004C6CA3 /* LocationSearchResult+JSON.swift */,
			);
			path = BusinessLogic;
			sourceTree = "<group>";
		};
		628234511B6313E900FA098A /* DVRRecordings */ = {
			isa = PBXGroup;
			children = (
				628234531B6313E900FA098A /* google_maps_api.json */,
			);
			path = DVRRecordings;
			sourceTree = SOURCE_ROOT;
		};
		62A2C8C61B61889B008CF3B1 /* Products */ = {
			isa = PBXGroup;
			children = (
				62A2C8CF1B61889B008CF3B1 /* Quick.framework */,
				62A2C8D11B61889B008CF3B1 /* Quick-OSXTests.xctest */,
				62A2C8D31B61889B008CF3B1 /* QuickFocused-OSXTests.xctest */,
				62A2C8D51B61889B008CF3B1 /* Quick.framework */,
				62A2C8D71B61889B008CF3B1 /* Quick-iOSTests.xctest */,
				62A2C8D91B61889B008CF3B1 /* QuickFocused-iOSTests.xctest */,
			);
			name = Products;
			sourceTree = "<group>";
		};
		62A2C8DB1B6188A4008CF3B1 /* Products */ = {
			isa = PBXGroup;
			children = (
				62A2C8E21B6188A4008CF3B1 /* Nimble.framework */,
				62A2C8E41B6188A4008CF3B1 /* NimbleTests.xctest */,
				62A2C8E61B6188A4008CF3B1 /* Nimble.framework */,
				62A2C8E81B6188A4008CF3B1 /* NimbleTests.xctest */,
			);
			name = Products;
			sourceTree = "<group>";
		};
		62A2C8EB1B619586008CF3B1 /* AppDelegate */ = {
			isa = PBXGroup;
			children = (
				62A2C8EC1B619590008CF3B1 /* AppDelegateSpec.swift */,
			);
			path = AppDelegate;
			sourceTree = "<group>";
		};
		62B82AAF1B604A1700F919DA /* AddTripScene */ = {
			isa = PBXGroup;
			children = (
				62B82AB01B604A5200F919DA /* AddTripViewController.swift */,
			);
			path = AddTripScene;
			sourceTree = "<group>";
		};
		62DA354D1B62F70C0041048D /* Products */ = {
			isa = PBXGroup;
			children = (
				62DA35541B62F70C0041048D /* Argo.framework */,
				62DA35561B62F70C0041048D /* ArgoTests.xctest */,
				62DA35581B62F70C0041048D /* Argo.framework */,
				62DA355A1B62F70C0041048D /* Argo-MacTests.xctest */,
			);
			name = Products;
			sourceTree = "<group>";
		};
		62DA35771B62FE1F0041048D /* Products */ = {
			isa = PBXGroup;
			children = (
				62DA358F1B62FE1F0041048D /* Runes.framework */,
				62DA35911B62FE1F0041048D /* Runes.framework */,
				62DA35931B62FE1F0041048D /* Runes-iOS Tests.xctest */,
				62DA35951B62FE1F0041048D /* Runes-Mac Tests.xctest */,
			);
			name = Products;
			sourceTree = "<group>";
		};
		62DA35991B62FE830041048D /* Products */ = {
			isa = PBXGroup;
			children = (
				62DA35A01B62FE840041048D /* Box.framework */,
				62DA35A21B62FE840041048D /* Box-MacTests.xctest */,
				62DA35A41B62FE840041048D /* Box.framework */,
				62DA35A61B62FE840041048D /* Box-iOSTests.xctest */,
			);
			name = Products;
			sourceTree = "<group>";
		};
		62E44FEE1B6692FB004C6CA3 /* HTTPClient */ = {
			isa = PBXGroup;
			children = (
				62E44FEF1B66931C004C6CA3 /* HTTPClient.swift */,
			);
			path = HTTPClient;
			sourceTree = "<group>";
		};
/* End PBXGroup section */

/* Begin PBXNativeTarget section */
		62549B941B5D9FC000C148C4 /* TripPlanner */ = {
			isa = PBXNativeTarget;
			buildConfigurationList = 62549BC01B5D9FC000C148C4 /* Build configuration list for PBXNativeTarget "TripPlanner" */;
			buildPhases = (
				5A5D1AA6D0DBB2BE84CED629 /* Check Pods Manifest.lock */,
				62549B911B5D9FC000C148C4 /* Sources */,
				62549B921B5D9FC000C148C4 /* Frameworks */,
				62549B931B5D9FC000C148C4 /* Resources */,
				62B82AA61B6020EF00F919DA /* Embed Frameworks */,
				B636B84A4E36A1FA6FC52ADC /* Embed Pods Frameworks */,
				3FF35A9B452A9F1E4699A168 /* Copy Pods Resources */,
			);
			buildRules = (
			);
			dependencies = (
				62B82AA51B6020EE00F919DA /* PBXTargetDependency */,
			);
			name = TripPlanner;
			productName = TripPlanner;
			productReference = 62549B951B5D9FC000C148C4 /* TripPlanner.app */;
			productType = "com.apple.product-type.application";
		};
		62549BAB1B5D9FC000C148C4 /* TripPlannerTests */ = {
			isa = PBXNativeTarget;
			buildConfigurationList = 62549BC31B5D9FC000C148C4 /* Build configuration list for PBXNativeTarget "TripPlannerTests" */;
			buildPhases = (
				62549BA81B5D9FC000C148C4 /* Sources */,
				62549BA91B5D9FC000C148C4 /* Frameworks */,
				62549BAA1B5D9FC000C148C4 /* Resources */,
				620448331B5DA58700219CD4 /* CopyFiles */,
			);
			buildRules = (
			);
			dependencies = (
				62549BAE1B5D9FC000C148C4 /* PBXTargetDependency */,
			);
			name = TripPlannerTests;
			productName = TripPlannerTests;
			productReference = 62549BAC1B5D9FC000C148C4 /* TripPlannerTests.xctest */;
			productType = "com.apple.product-type.bundle.unit-test";
		};
		62549BB61B5D9FC000C148C4 /* TripPlannerUITests */ = {
			isa = PBXNativeTarget;
			buildConfigurationList = 62549BC61B5D9FC000C148C4 /* Build configuration list for PBXNativeTarget "TripPlannerUITests" */;
			buildPhases = (
				62549BB31B5D9FC000C148C4 /* Sources */,
				62549BB41B5D9FC000C148C4 /* Frameworks */,
				62549BB51B5D9FC000C148C4 /* Resources */,
			);
			buildRules = (
			);
			dependencies = (
				62549BB91B5D9FC000C148C4 /* PBXTargetDependency */,
			);
			name = TripPlannerUITests;
			productName = TripPlannerUITests;
			productReference = 62549BB71B5D9FC000C148C4 /* TripPlannerUITests.xctest */;
			productType = "com.apple.product-type.bundle.ui-testing";
		};
/* End PBXNativeTarget section */

/* Begin PBXProject section */
		62549B8D1B5D9FC000C148C4 /* Project object */ = {
			isa = PBXProject;
			attributes = {
				LastSwiftUpdateCheck = 0700;
				LastUpgradeCheck = 0700;
				ORGANIZATIONNAME = "Make School";
				TargetAttributes = {
					62549B941B5D9FC000C148C4 = {
						CreatedOnToolsVersion = 7.0;
					};
					62549BAB1B5D9FC000C148C4 = {
						CreatedOnToolsVersion = 7.0;
						TestTargetID = 62549B941B5D9FC000C148C4;
					};
					62549BB61B5D9FC000C148C4 = {
						CreatedOnToolsVersion = 7.0;
						TestTargetID = 62549B941B5D9FC000C148C4;
					};
				};
			};
			buildConfigurationList = 62549B901B5D9FC000C148C4 /* Build configuration list for PBXProject "TripPlanner" */;
			compatibilityVersion = "Xcode 3.2";
			developmentRegion = English;
			hasScannedForEncodings = 0;
			knownRegions = (
				en,
				Base,
			);
			mainGroup = 62549B8C1B5D9FC000C148C4;
			productRefGroup = 62549B961B5D9FC000C148C4 /* Products */;
			projectDirPath = "";
			projectReferences = (
				{
					ProductGroup = 62DA354D1B62F70C0041048D /* Products */;
					ProjectRef = 62DA354C1B62F70C0041048D /* Argo.xcodeproj */;
				},
				{
					ProductGroup = 62DA35991B62FE830041048D /* Products */;
					ProjectRef = 62DA35981B62FE830041048D /* Box.xcodeproj */;
				},
				{
					ProductGroup = 623DA88B1B630B4B00D8BF61 /* Products */;
					ProjectRef = 623DA88A1B630B4B00D8BF61 /* DVR.xcodeproj */;
				},
				{
					ProductGroup = 623E47A01B5EF7CD009F2863 /* Products */;
					ProjectRef = 623E479F1B5EF7CD009F2863 /* ListKitDemo.xcodeproj */;
				},
				{
					ProductGroup = 62A2C8DB1B6188A4008CF3B1 /* Products */;
					ProjectRef = 62A2C8DA1B6188A4008CF3B1 /* Nimble.xcodeproj */;
				},
				{
					ProductGroup = 62A2C8C61B61889B008CF3B1 /* Products */;
					ProjectRef = 62A2C8C51B61889B008CF3B1 /* Quick.xcodeproj */;
				},
				{
					ProductGroup = 62DA35771B62FE1F0041048D /* Products */;
					ProjectRef = 62DA35761B62FE1F0041048D /* Runes.xcodeproj */;
				},
			);
			projectRoot = "";
			targets = (
				62549B941B5D9FC000C148C4 /* TripPlanner */,
				62549BAB1B5D9FC000C148C4 /* TripPlannerTests */,
				62549BB61B5D9FC000C148C4 /* TripPlannerUITests */,
			);
		};
/* End PBXProject section */

/* Begin PBXReferenceProxy section */
		623DA89B1B630B4B00D8BF61 /* DVR.framework */ = {
			isa = PBXReferenceProxy;
			fileType = wrapper.framework;
			path = DVR.framework;
			remoteRef = 623DA89A1B630B4B00D8BF61 /* PBXContainerItemProxy */;
			sourceTree = BUILT_PRODUCTS_DIR;
		};
		623DA89D1B630B4B00D8BF61 /* DVRTests-iOS.xctest */ = {
			isa = PBXReferenceProxy;
			fileType = wrapper.cfbundle;
			path = "DVRTests-iOS.xctest";
			remoteRef = 623DA89C1B630B4B00D8BF61 /* PBXContainerItemProxy */;
			sourceTree = BUILT_PRODUCTS_DIR;
		};
		623DA89F1B630B4B00D8BF61 /* DVR.framework */ = {
			isa = PBXReferenceProxy;
			fileType = wrapper.framework;
			path = DVR.framework;
			remoteRef = 623DA89E1B630B4B00D8BF61 /* PBXContainerItemProxy */;
			sourceTree = BUILT_PRODUCTS_DIR;
		};
		623DA8A11B630B4B00D8BF61 /* DVR.framework */ = {
			isa = PBXReferenceProxy;
			fileType = wrapper.framework;
			path = DVR.framework;
			remoteRef = 623DA8A01B630B4B00D8BF61 /* PBXContainerItemProxy */;
			sourceTree = BUILT_PRODUCTS_DIR;
		};
		623DA8A31B630B4B00D8BF61 /* DVRTests-OSX.xctest */ = {
			isa = PBXReferenceProxy;
			fileType = wrapper.cfbundle;
			path = "DVRTests-OSX.xctest";
			remoteRef = 623DA8A21B630B4B00D8BF61 /* PBXContainerItemProxy */;
			sourceTree = BUILT_PRODUCTS_DIR;
		};
		623E47A71B5EF7CD009F2863 /* ListKitDemo.app */ = {
			isa = PBXReferenceProxy;
			fileType = wrapper.application;
			path = ListKitDemo.app;
			remoteRef = 623E47A61B5EF7CD009F2863 /* PBXContainerItemProxy */;
			sourceTree = BUILT_PRODUCTS_DIR;
		};
		623E47A91B5EF7CD009F2863 /* ListKitDemoTests.xctest */ = {
			isa = PBXReferenceProxy;
			fileType = wrapper.cfbundle;
			path = ListKitDemoTests.xctest;
			remoteRef = 623E47A81B5EF7CD009F2863 /* PBXContainerItemProxy */;
			sourceTree = BUILT_PRODUCTS_DIR;
		};
		623E47AB1B5EF7CD009F2863 /* ListKit.framework */ = {
			isa = PBXReferenceProxy;
			fileType = wrapper.framework;
			path = ListKit.framework;
			remoteRef = 623E47AA1B5EF7CD009F2863 /* PBXContainerItemProxy */;
			sourceTree = BUILT_PRODUCTS_DIR;
		};
		623E47AD1B5EF7CD009F2863 /* ListKitTests.xctest */ = {
			isa = PBXReferenceProxy;
			fileType = wrapper.cfbundle;
			path = ListKitTests.xctest;
			remoteRef = 623E47AC1B5EF7CD009F2863 /* PBXContainerItemProxy */;
			sourceTree = BUILT_PRODUCTS_DIR;
		};
		62A2C8CF1B61889B008CF3B1 /* Quick.framework */ = {
			isa = PBXReferenceProxy;
			fileType = wrapper.framework;
			path = Quick.framework;
			remoteRef = 62A2C8CE1B61889B008CF3B1 /* PBXContainerItemProxy */;
			sourceTree = BUILT_PRODUCTS_DIR;
		};
		62A2C8D11B61889B008CF3B1 /* Quick-OSXTests.xctest */ = {
			isa = PBXReferenceProxy;
			fileType = wrapper.cfbundle;
			path = "Quick-OSXTests.xctest";
			remoteRef = 62A2C8D01B61889B008CF3B1 /* PBXContainerItemProxy */;
			sourceTree = BUILT_PRODUCTS_DIR;
		};
		62A2C8D31B61889B008CF3B1 /* QuickFocused-OSXTests.xctest */ = {
			isa = PBXReferenceProxy;
			fileType = wrapper.cfbundle;
			path = "QuickFocused-OSXTests.xctest";
			remoteRef = 62A2C8D21B61889B008CF3B1 /* PBXContainerItemProxy */;
			sourceTree = BUILT_PRODUCTS_DIR;
		};
		62A2C8D51B61889B008CF3B1 /* Quick.framework */ = {
			isa = PBXReferenceProxy;
			fileType = wrapper.framework;
			path = Quick.framework;
			remoteRef = 62A2C8D41B61889B008CF3B1 /* PBXContainerItemProxy */;
			sourceTree = BUILT_PRODUCTS_DIR;
		};
		62A2C8D71B61889B008CF3B1 /* Quick-iOSTests.xctest */ = {
			isa = PBXReferenceProxy;
			fileType = wrapper.cfbundle;
			path = "Quick-iOSTests.xctest";
			remoteRef = 62A2C8D61B61889B008CF3B1 /* PBXContainerItemProxy */;
			sourceTree = BUILT_PRODUCTS_DIR;
		};
		62A2C8D91B61889B008CF3B1 /* QuickFocused-iOSTests.xctest */ = {
			isa = PBXReferenceProxy;
			fileType = wrapper.cfbundle;
			path = "QuickFocused-iOSTests.xctest";
			remoteRef = 62A2C8D81B61889B008CF3B1 /* PBXContainerItemProxy */;
			sourceTree = BUILT_PRODUCTS_DIR;
		};
		62A2C8E21B6188A4008CF3B1 /* Nimble.framework */ = {
			isa = PBXReferenceProxy;
			fileType = wrapper.framework;
			path = Nimble.framework;
			remoteRef = 62A2C8E11B6188A4008CF3B1 /* PBXContainerItemProxy */;
			sourceTree = BUILT_PRODUCTS_DIR;
		};
		62A2C8E41B6188A4008CF3B1 /* NimbleTests.xctest */ = {
			isa = PBXReferenceProxy;
			fileType = wrapper.cfbundle;
			path = NimbleTests.xctest;
			remoteRef = 62A2C8E31B6188A4008CF3B1 /* PBXContainerItemProxy */;
			sourceTree = BUILT_PRODUCTS_DIR;
		};
		62A2C8E61B6188A4008CF3B1 /* Nimble.framework */ = {
			isa = PBXReferenceProxy;
			fileType = wrapper.framework;
			path = Nimble.framework;
			remoteRef = 62A2C8E51B6188A4008CF3B1 /* PBXContainerItemProxy */;
			sourceTree = BUILT_PRODUCTS_DIR;
		};
		62A2C8E81B6188A4008CF3B1 /* NimbleTests.xctest */ = {
			isa = PBXReferenceProxy;
			fileType = wrapper.cfbundle;
			path = NimbleTests.xctest;
			remoteRef = 62A2C8E71B6188A4008CF3B1 /* PBXContainerItemProxy */;
			sourceTree = BUILT_PRODUCTS_DIR;
		};
		62DA35541B62F70C0041048D /* Argo.framework */ = {
			isa = PBXReferenceProxy;
			fileType = wrapper.framework;
			path = Argo.framework;
			remoteRef = 62DA35531B62F70C0041048D /* PBXContainerItemProxy */;
			sourceTree = BUILT_PRODUCTS_DIR;
		};
		62DA35561B62F70C0041048D /* ArgoTests.xctest */ = {
			isa = PBXReferenceProxy;
			fileType = wrapper.cfbundle;
			path = ArgoTests.xctest;
			remoteRef = 62DA35551B62F70C0041048D /* PBXContainerItemProxy */;
			sourceTree = BUILT_PRODUCTS_DIR;
		};
		62DA35581B62F70C0041048D /* Argo.framework */ = {
			isa = PBXReferenceProxy;
			fileType = wrapper.framework;
			path = Argo.framework;
			remoteRef = 62DA35571B62F70C0041048D /* PBXContainerItemProxy */;
			sourceTree = BUILT_PRODUCTS_DIR;
		};
		62DA355A1B62F70C0041048D /* Argo-MacTests.xctest */ = {
			isa = PBXReferenceProxy;
			fileType = wrapper.cfbundle;
			path = "Argo-MacTests.xctest";
			remoteRef = 62DA35591B62F70C0041048D /* PBXContainerItemProxy */;
			sourceTree = BUILT_PRODUCTS_DIR;
		};
		62DA358F1B62FE1F0041048D /* Runes.framework */ = {
			isa = PBXReferenceProxy;
			fileType = wrapper.framework;
			path = Runes.framework;
			remoteRef = 62DA358E1B62FE1F0041048D /* PBXContainerItemProxy */;
			sourceTree = BUILT_PRODUCTS_DIR;
		};
		62DA35911B62FE1F0041048D /* Runes.framework */ = {
			isa = PBXReferenceProxy;
			fileType = wrapper.framework;
			path = Runes.framework;
			remoteRef = 62DA35901B62FE1F0041048D /* PBXContainerItemProxy */;
			sourceTree = BUILT_PRODUCTS_DIR;
		};
		62DA35931B62FE1F0041048D /* Runes-iOS Tests.xctest */ = {
			isa = PBXReferenceProxy;
			fileType = wrapper.cfbundle;
			path = "Runes-iOS Tests.xctest";
			remoteRef = 62DA35921B62FE1F0041048D /* PBXContainerItemProxy */;
			sourceTree = BUILT_PRODUCTS_DIR;
		};
		62DA35951B62FE1F0041048D /* Runes-Mac Tests.xctest */ = {
			isa = PBXReferenceProxy;
			fileType = wrapper.cfbundle;
			path = "Runes-Mac Tests.xctest";
			remoteRef = 62DA35941B62FE1F0041048D /* PBXContainerItemProxy */;
			sourceTree = BUILT_PRODUCTS_DIR;
		};
		62DA35A01B62FE840041048D /* Box.framework */ = {
			isa = PBXReferenceProxy;
			fileType = wrapper.framework;
			path = Box.framework;
			remoteRef = 62DA359F1B62FE840041048D /* PBXContainerItemProxy */;
			sourceTree = BUILT_PRODUCTS_DIR;
		};
		62DA35A21B62FE840041048D /* Box-MacTests.xctest */ = {
			isa = PBXReferenceProxy;
			fileType = wrapper.cfbundle;
			path = "Box-MacTests.xctest";
			remoteRef = 62DA35A11B62FE840041048D /* PBXContainerItemProxy */;
			sourceTree = BUILT_PRODUCTS_DIR;
		};
		62DA35A41B62FE840041048D /* Box.framework */ = {
			isa = PBXReferenceProxy;
			fileType = wrapper.framework;
			path = Box.framework;
			remoteRef = 62DA35A31B62FE840041048D /* PBXContainerItemProxy */;
			sourceTree = BUILT_PRODUCTS_DIR;
		};
		62DA35A61B62FE840041048D /* Box-iOSTests.xctest */ = {
			isa = PBXReferenceProxy;
			fileType = wrapper.cfbundle;
			path = "Box-iOSTests.xctest";
			remoteRef = 62DA35A51B62FE840041048D /* PBXContainerItemProxy */;
			sourceTree = BUILT_PRODUCTS_DIR;
		};
/* End PBXReferenceProxy section */

/* Begin PBXResourcesBuildPhase section */
		62549B931B5D9FC000C148C4 /* Resources */ = {
			isa = PBXResourcesBuildPhase;
			buildActionMask = 2147483647;
			files = (
				62549BA61B5D9FC000C148C4 /* LaunchScreen.storyboard in Resources */,
				623E47BC1B5EF9BA009F2863 /* TripMainTableViewCell.xib in Resources */,
				62549BA31B5D9FC000C148C4 /* Assets.xcassets in Resources */,
				628234551B6313E900FA098A /* google_maps_api.json in Resources */,
				62549B9E1B5D9FC000C148C4 /* Main.storyboard in Resources */,
			);
			runOnlyForDeploymentPostprocessing = 0;
		};
		62549BAA1B5D9FC000C148C4 /* Resources */ = {
			isa = PBXResourcesBuildPhase;
			buildActionMask = 2147483647;
			files = (
				623E47C31B5F0A8C009F2863 /* Main.storyboard in Resources */,
			);
			runOnlyForDeploymentPostprocessing = 0;
		};
		62549BB51B5D9FC000C148C4 /* Resources */ = {
			isa = PBXResourcesBuildPhase;
			buildActionMask = 2147483647;
			files = (
			);
			runOnlyForDeploymentPostprocessing = 0;
		};
/* End PBXResourcesBuildPhase section */

/* Begin PBXShellScriptBuildPhase section */
		3FF35A9B452A9F1E4699A168 /* Copy Pods Resources */ = {
			isa = PBXShellScriptBuildPhase;
			buildActionMask = 2147483647;
			files = (
			);
			inputPaths = (
			);
			name = "Copy Pods Resources";
			outputPaths = (
			);
			runOnlyForDeploymentPostprocessing = 0;
			shellPath = /bin/sh;
			shellScript = "\"${SRCROOT}/Pods/Target Support Files/Pods/Pods-resources.sh\"\n";
			showEnvVarsInLog = 0;
		};
		5A5D1AA6D0DBB2BE84CED629 /* Check Pods Manifest.lock */ = {
			isa = PBXShellScriptBuildPhase;
			buildActionMask = 2147483647;
			files = (
			);
			inputPaths = (
			);
			name = "Check Pods Manifest.lock";
			outputPaths = (
			);
			runOnlyForDeploymentPostprocessing = 0;
			shellPath = /bin/sh;
			shellScript = "diff \"${PODS_ROOT}/../Podfile.lock\" \"${PODS_ROOT}/Manifest.lock\" > /dev/null\nif [[ $? != 0 ]] ; then\n    cat << EOM\nerror: The sandbox is not in sync with the Podfile.lock. Run 'pod install' or update your CocoaPods installation.\nEOM\n    exit 1\nfi\n";
			showEnvVarsInLog = 0;
		};
		B636B84A4E36A1FA6FC52ADC /* Embed Pods Frameworks */ = {
			isa = PBXShellScriptBuildPhase;
			buildActionMask = 2147483647;
			files = (
			);
			inputPaths = (
			);
			name = "Embed Pods Frameworks";
			outputPaths = (
			);
			runOnlyForDeploymentPostprocessing = 0;
			shellPath = /bin/sh;
			shellScript = "\"${SRCROOT}/Pods/Target Support Files/Pods/Pods-frameworks.sh\"\n";
			showEnvVarsInLog = 0;
		};
/* End PBXShellScriptBuildPhase section */

/* Begin PBXSourcesBuildPhase section */
		62549B911B5D9FC000C148C4 /* Sources */ = {
			isa = PBXSourcesBuildPhase;
			buildActionMask = 2147483647;
			files = (
				6226F8D31B5EB1F700B8BFEF /* Trip.swift in Sources */,
				623E47BE1B5F0686009F2863 /* CoreDataClient.swift in Sources */,
				62E44FF01B66931C004C6CA3 /* HTTPClient.swift in Sources */,
				620448401B5DBF0D00219CD4 /* CoreDataStack.swift in Sources */,
				62549BA11B5D9FC000C148C4 /* TripPlanner.xcdatamodeld in Sources */,
				623E47B71B5EF900009F2863 /* MainViewController.swift in Sources */,
				62B82AB11B604A5200F919DA /* AddTripViewController.swift in Sources */,
				62E44FF21B66A1E4004C6CA3 /* LocationSearchResult+JSON.swift in Sources */,
				62B82AB31B604B5300F919DA /* TripPlannerManagedObject.swift in Sources */,
				62E9E9791B62E868003C8BA4 /* LocationSearchResult.swift in Sources */,
				6226F8D21B5EB1F700B8BFEF /* Trip+CoreDataProperties.swift in Sources */,
				626671281B61B200006A1A2B /* LocationSearch.swift in Sources */,
				623E47BA1B5EF935009F2863 /* TripMainTableViewCell.swift in Sources */,
				62549B991B5D9FC000C148C4 /* AppDelegate.swift in Sources */,
			);
			runOnlyForDeploymentPostprocessing = 0;
		};
		62549BA81B5D9FC000C148C4 /* Sources */ = {
			isa = PBXSourcesBuildPhase;
			buildActionMask = 2147483647;
			files = (
				620448381B5DA5E200219CD4 /* TripSpec.swift in Sources */,
				6204483B1B5DBD0800219CD4 /* CoreDataStackSpec.swift in Sources */,
				623E47C21B5F095B009F2863 /* MainViewControllerSpec.swift in Sources */,
				62A2C8EF1B61A228008CF3B1 /* CoreDataClientSpec.swift in Sources */,
				62A2C8ED1B619590008CF3B1 /* AppDelegateSpec.swift in Sources */,
			);
			runOnlyForDeploymentPostprocessing = 0;
		};
		62549BB31B5D9FC000C148C4 /* Sources */ = {
			isa = PBXSourcesBuildPhase;
			buildActionMask = 2147483647;
			files = (
				62549BBC1B5D9FC000C148C4 /* MainViewControllerTests.swift in Sources */,
			);
			runOnlyForDeploymentPostprocessing = 0;
		};
/* End PBXSourcesBuildPhase section */

/* Begin PBXTargetDependency section */
		62549BAE1B5D9FC000C148C4 /* PBXTargetDependency */ = {
			isa = PBXTargetDependency;
			target = 62549B941B5D9FC000C148C4 /* TripPlanner */;
			targetProxy = 62549BAD1B5D9FC000C148C4 /* PBXContainerItemProxy */;
		};
		62549BB91B5D9FC000C148C4 /* PBXTargetDependency */ = {
			isa = PBXTargetDependency;
			target = 62549B941B5D9FC000C148C4 /* TripPlanner */;
			targetProxy = 62549BB81B5D9FC000C148C4 /* PBXContainerItemProxy */;
		};
		62B82AA51B6020EE00F919DA /* PBXTargetDependency */ = {
			isa = PBXTargetDependency;
			name = ListKit;
			targetProxy = 62B82AA41B6020EE00F919DA /* PBXContainerItemProxy */;
		};
/* End PBXTargetDependency section */

/* Begin PBXVariantGroup section */
		62549B9C1B5D9FC000C148C4 /* Main.storyboard */ = {
			isa = PBXVariantGroup;
			children = (
				62549B9D1B5D9FC000C148C4 /* Base */,
				62B82AAD1B6045B700F919DA /* en */,
				62B82AAE1B6045BA00F919DA /* de */,
			);
			name = Main.storyboard;
			sourceTree = "<group>";
		};
		62549BA41B5D9FC000C148C4 /* LaunchScreen.storyboard */ = {
			isa = PBXVariantGroup;
			children = (
				62549BA51B5D9FC000C148C4 /* Base */,
				62B82AAC1B60348800F919DA /* de */,
			);
			name = LaunchScreen.storyboard;
			sourceTree = "<group>";
		};
/* End PBXVariantGroup section */

/* Begin XCBuildConfiguration section */
		62549BBE1B5D9FC000C148C4 /* Debug */ = {
			isa = XCBuildConfiguration;
			buildSettings = {
				ALWAYS_SEARCH_USER_PATHS = NO;
				CLANG_CXX_LANGUAGE_STANDARD = "gnu++0x";
				CLANG_CXX_LIBRARY = "libc++";
				CLANG_ENABLE_MODULES = YES;
				CLANG_ENABLE_OBJC_ARC = YES;
				CLANG_WARN_BOOL_CONVERSION = YES;
				CLANG_WARN_CONSTANT_CONVERSION = YES;
				CLANG_WARN_DIRECT_OBJC_ISA_USAGE = YES_ERROR;
				CLANG_WARN_EMPTY_BODY = YES;
				CLANG_WARN_ENUM_CONVERSION = YES;
				CLANG_WARN_INT_CONVERSION = YES;
				CLANG_WARN_OBJC_ROOT_CLASS = YES_ERROR;
				CLANG_WARN_UNREACHABLE_CODE = YES;
				CLANG_WARN__DUPLICATE_METHOD_MATCH = YES;
				"CODE_SIGN_IDENTITY[sdk=iphoneos*]" = "iPhone Developer";
				COPY_PHASE_STRIP = NO;
				DEBUG_INFORMATION_FORMAT = dwarf;
				ENABLE_STRICT_OBJC_MSGSEND = YES;
				ENABLE_TESTABILITY = YES;
				GCC_C_LANGUAGE_STANDARD = gnu99;
				GCC_DYNAMIC_NO_PIC = NO;
				GCC_NO_COMMON_BLOCKS = YES;
				GCC_OPTIMIZATION_LEVEL = 0;
				GCC_PREPROCESSOR_DEFINITIONS = (
					"DEBUG=1",
					"$(inherited)",
				);
				GCC_WARN_64_TO_32_BIT_CONVERSION = YES;
				GCC_WARN_ABOUT_RETURN_TYPE = YES_ERROR;
				GCC_WARN_UNDECLARED_SELECTOR = YES;
				GCC_WARN_UNINITIALIZED_AUTOS = YES_AGGRESSIVE;
				GCC_WARN_UNUSED_FUNCTION = YES;
				GCC_WARN_UNUSED_VARIABLE = YES;
				IPHONEOS_DEPLOYMENT_TARGET = 9.0;
				MTL_ENABLE_DEBUG_INFO = YES;
				ONLY_ACTIVE_ARCH = YES;
				SDKROOT = iphoneos;
				SWIFT_OPTIMIZATION_LEVEL = "-Onone";
				TARGETED_DEVICE_FAMILY = "1,2";
			};
			name = Debug;
		};
		62549BBF1B5D9FC000C148C4 /* Release */ = {
			isa = XCBuildConfiguration;
			buildSettings = {
				ALWAYS_SEARCH_USER_PATHS = NO;
				CLANG_CXX_LANGUAGE_STANDARD = "gnu++0x";
				CLANG_CXX_LIBRARY = "libc++";
				CLANG_ENABLE_MODULES = YES;
				CLANG_ENABLE_OBJC_ARC = YES;
				CLANG_WARN_BOOL_CONVERSION = YES;
				CLANG_WARN_CONSTANT_CONVERSION = YES;
				CLANG_WARN_DIRECT_OBJC_ISA_USAGE = YES_ERROR;
				CLANG_WARN_EMPTY_BODY = YES;
				CLANG_WARN_ENUM_CONVERSION = YES;
				CLANG_WARN_INT_CONVERSION = YES;
				CLANG_WARN_OBJC_ROOT_CLASS = YES_ERROR;
				CLANG_WARN_UNREACHABLE_CODE = YES;
				CLANG_WARN__DUPLICATE_METHOD_MATCH = YES;
				"CODE_SIGN_IDENTITY[sdk=iphoneos*]" = "iPhone Developer";
				COPY_PHASE_STRIP = NO;
				DEBUG_INFORMATION_FORMAT = "dwarf-with-dsym";
				ENABLE_NS_ASSERTIONS = NO;
				ENABLE_STRICT_OBJC_MSGSEND = YES;
				GCC_C_LANGUAGE_STANDARD = gnu99;
				GCC_NO_COMMON_BLOCKS = YES;
				GCC_WARN_64_TO_32_BIT_CONVERSION = YES;
				GCC_WARN_ABOUT_RETURN_TYPE = YES_ERROR;
				GCC_WARN_UNDECLARED_SELECTOR = YES;
				GCC_WARN_UNINITIALIZED_AUTOS = YES_AGGRESSIVE;
				GCC_WARN_UNUSED_FUNCTION = YES;
				GCC_WARN_UNUSED_VARIABLE = YES;
				IPHONEOS_DEPLOYMENT_TARGET = 9.0;
				MTL_ENABLE_DEBUG_INFO = NO;
				SDKROOT = iphoneos;
				TARGETED_DEVICE_FAMILY = "1,2";
				VALIDATE_PRODUCT = YES;
			};
			name = Release;
		};
		62549BC11B5D9FC000C148C4 /* Debug */ = {
			isa = XCBuildConfiguration;
			baseConfigurationReference = 6ACDDBB62B09CD1A42596CA8 /* Pods.debug.xcconfig */;
			buildSettings = {
				ASSETCATALOG_COMPILER_APPICON_NAME = AppIcon;
				EMBEDDED_CONTENT_CONTAINS_SWIFT = YES;
				INFOPLIST_FILE = TripPlanner/Info.plist;
				LD_RUNPATH_SEARCH_PATHS = "$(inherited) @executable_path/Frameworks";
				PRODUCT_BUNDLE_IDENTIFIER = com.makeschool.TripPlanner;
				PRODUCT_NAME = "$(TARGET_NAME)";
			};
			name = Debug;
		};
		62549BC21B5D9FC000C148C4 /* Release */ = {
			isa = XCBuildConfiguration;
			baseConfigurationReference = 86456C99514375456939CE67 /* Pods.release.xcconfig */;
			buildSettings = {
				ASSETCATALOG_COMPILER_APPICON_NAME = AppIcon;
				EMBEDDED_CONTENT_CONTAINS_SWIFT = YES;
				INFOPLIST_FILE = TripPlanner/Info.plist;
				LD_RUNPATH_SEARCH_PATHS = "$(inherited) @executable_path/Frameworks";
				PRODUCT_BUNDLE_IDENTIFIER = com.makeschool.TripPlanner;
				PRODUCT_NAME = "$(TARGET_NAME)";
			};
			name = Release;
		};
		62549BC41B5D9FC000C148C4 /* Debug */ = {
			isa = XCBuildConfiguration;
			buildSettings = {
				BUNDLE_LOADER = "$(TEST_HOST)";
				CLANG_ENABLE_MODULES = YES;
				FRAMEWORK_SEARCH_PATHS = "$(PROJECT_DIR)/Carthage/Build/iOS";
				INFOPLIST_FILE = TripPlannerTests/Info.plist;
				LD_RUNPATH_SEARCH_PATHS = "$(inherited) @executable_path/Frameworks @loader_path/Frameworks";
				PRODUCT_BUNDLE_IDENTIFIER = com.makeschool.TripPlannerTests;
				PRODUCT_NAME = "$(TARGET_NAME)";
				SWIFT_OPTIMIZATION_LEVEL = "-Onone";
				TEST_HOST = "$(BUILT_PRODUCTS_DIR)/TripPlanner.app/TripPlanner";
			};
			name = Debug;
		};
		62549BC51B5D9FC000C148C4 /* Release */ = {
			isa = XCBuildConfiguration;
			buildSettings = {
				BUNDLE_LOADER = "$(TEST_HOST)";
				CLANG_ENABLE_MODULES = YES;
				FRAMEWORK_SEARCH_PATHS = "$(PROJECT_DIR)/Carthage/Build/iOS";
				INFOPLIST_FILE = TripPlannerTests/Info.plist;
				LD_RUNPATH_SEARCH_PATHS = "$(inherited) @executable_path/Frameworks @loader_path/Frameworks";
				PRODUCT_BUNDLE_IDENTIFIER = com.makeschool.TripPlannerTests;
				PRODUCT_NAME = "$(TARGET_NAME)";
				TEST_HOST = "$(BUILT_PRODUCTS_DIR)/TripPlanner.app/TripPlanner";
			};
			name = Release;
		};
		62549BC71B5D9FC000C148C4 /* Debug */ = {
			isa = XCBuildConfiguration;
			buildSettings = {
				INFOPLIST_FILE = TripPlannerUITests/Info.plist;
				LD_RUNPATH_SEARCH_PATHS = "$(inherited) @executable_path/Frameworks @loader_path/Frameworks";
				PRODUCT_BUNDLE_IDENTIFIER = com.makeschool.TripPlannerUITests;
				PRODUCT_NAME = "$(TARGET_NAME)";
				TEST_TARGET_NAME = TripPlanner;
				USES_XCTRUNNER = YES;
			};
			name = Debug;
		};
		62549BC81B5D9FC000C148C4 /* Release */ = {
			isa = XCBuildConfiguration;
			buildSettings = {
				INFOPLIST_FILE = TripPlannerUITests/Info.plist;
				LD_RUNPATH_SEARCH_PATHS = "$(inherited) @executable_path/Frameworks @loader_path/Frameworks";
				PRODUCT_BUNDLE_IDENTIFIER = com.makeschool.TripPlannerUITests;
				PRODUCT_NAME = "$(TARGET_NAME)";
				TEST_TARGET_NAME = TripPlanner;
				USES_XCTRUNNER = YES;
			};
			name = Release;
		};
/* End XCBuildConfiguration section */

/* Begin XCConfigurationList section */
		62549B901B5D9FC000C148C4 /* Build configuration list for PBXProject "TripPlanner" */ = {
			isa = XCConfigurationList;
			buildConfigurations = (
				62549BBE1B5D9FC000C148C4 /* Debug */,
				62549BBF1B5D9FC000C148C4 /* Release */,
			);
			defaultConfigurationIsVisible = 0;
			defaultConfigurationName = Release;
		};
		62549BC01B5D9FC000C148C4 /* Build configuration list for PBXNativeTarget "TripPlanner" */ = {
			isa = XCConfigurationList;
			buildConfigurations = (
				62549BC11B5D9FC000C148C4 /* Debug */,
				62549BC21B5D9FC000C148C4 /* Release */,
			);
			defaultConfigurationIsVisible = 0;
			defaultConfigurationName = Release;
		};
		62549BC31B5D9FC000C148C4 /* Build configuration list for PBXNativeTarget "TripPlannerTests" */ = {
			isa = XCConfigurationList;
			buildConfigurations = (
				62549BC41B5D9FC000C148C4 /* Debug */,
				62549BC51B5D9FC000C148C4 /* Release */,
			);
			defaultConfigurationIsVisible = 0;
			defaultConfigurationName = Release;
		};
		62549BC61B5D9FC000C148C4 /* Build configuration list for PBXNativeTarget "TripPlannerUITests" */ = {
			isa = XCConfigurationList;
			buildConfigurations = (
				62549BC71B5D9FC000C148C4 /* Debug */,
				62549BC81B5D9FC000C148C4 /* Release */,
			);
			defaultConfigurationIsVisible = 0;
			defaultConfigurationName = Release;
		};
/* End XCConfigurationList section */

/* Begin XCVersionGroup section */
		62549B9F1B5D9FC000C148C4 /* TripPlanner.xcdatamodeld */ = {
			isa = XCVersionGroup;
			children = (
				62549BA01B5D9FC000C148C4 /* TripPlanner.xcdatamodel */,
			);
			currentVersion = 62549BA01B5D9FC000C148C4 /* TripPlanner.xcdatamodel */;
			name = TripPlanner.xcdatamodeld;
			path = ../TripPlanner.xcdatamodeld;
			sourceTree = "<group>";
			versionGroupType = wrapper.xcdatamodel;
		};
/* End XCVersionGroup section */
	};
	rootObject = 62549B8D1B5D9FC000C148C4 /* Project object */;
}
